# This file is automatically @generated by Cargo.
# It is not intended for manual editing.
version = 3

[[package]]
name = "reverse-string"
version = "0.1.0"
dependencies = [
 "unicode-reverse",
 "unicode-segmentation",
]

[[package]]
name = "unicode-reverse"
version = "1.0.8"
source = "registry+https://github.com/rust-lang/crates.io-index"
checksum = "0bea5dacebb0d2d0a69a6700a05b59b3908bf801bf563a49bd27a1b60122962c"
dependencies = [
 "unicode-segmentation",
]

[[package]]
name = "unicode-segmentation"
version = "1.9.0"
source = "registry+https://github.com/rust-lang/crates.io-index"
checksum = "7e8820f5d777f6224dc4be3632222971ac30164d4a258d595640799554ebfd99"
